
Microsoft Visual Studio Solution File, Format Version 12.00
# Visual Studio Version 17
VisualStudioVersion = 17.2.32616.157
MinimumVisualStudioVersion = 10.0.40219.1
Project("{FAE04EC0-301F-11D3-BF4B-00C04F79EFBC}") = "NooriAPI2", "NooriAPI2\NooriAPI2.csproj", "{1B13CDF6-8A9E-4300-92CB-DD021C98833C}"
EndProject
Global
	GlobalSection(SolutionConfigurationPlatforms) = preSolution
		Debug|Any CPU = Debug|Any CPU
		Release|Any CPU = Release|Any CPU
	EndGlobalSection
	GlobalSection(ProjectConfigurationPlatforms) = postSolution
		{1B13CDF6-8A9E-4300-92CB-DD021C98833C}.Debug|Any CPU.ActiveCfg = Debug|Any CPU
		{1B13CDF6-8A9E-4300-92CB-DD021C98833C}.Debug|Any CPU.Build.0 = Debug|Any CPU
		{1B13CDF6-8A9E-4300-92CB-DD021C98833C}.Release|Any CPU.ActiveCfg = Release|Any CPU
		{1B13CDF6-8A9E-4300-92CB-DD021C98833C}.Release|Any CPU.Build.0 = Release|Any CPU
	EndGlobalSection
	GlobalSection(SolutionProperties) = preSolution
		HideSolutionNode = FALSE
	EndGlobalSection
	GlobalSection(ExtensibilityGlobals) = postSolution
		SolutionGuid = {A4026494-5E2E-456A-85CD-3DD10B00AABB}
	EndGlobalSection
EndGlobal
